{
  "lockfile_version": "1",
  "packages": {
    "git-cliff@2.10.0": {
      "last_modified": "2025-07-28T17:09:23Z",
      "resolved": "github:NixOS/nixpkgs/648f70160c03151bc2121d179291337ad6bc564b#git-cliff",
      "source": "devbox-search",
      "version": "2.10.0",
      "systems": {
        "aarch64-darwin": {
          "outputs": [
            {
              "name": "out",
              "path": "/nix/store/i8sw9d5a3qiff571f9qnrdn926rd2mnl-git-cliff-2.10.0",
              "default": true
            }
          ],
          "store_path": "/nix/store/i8sw9d5a3qiff571f9qnrdn926rd2mnl-git-cliff-2.10.0"
        },
        "aarch64-linux": {
          "outputs": [
            {
              "name": "out",
              "path": "/nix/store/k2gffqm4x5ml8g3bms207amjk2whzk3q-git-cliff-2.10.0",
              "default": true
            }
          ],
          "store_path": "/nix/store/k2gffqm4x5ml8g3bms207amjk2whzk3q-git-cliff-2.10.0"
        },
        "x86_64-darwin": {
          "outputs": [
            {
              "name": "out",
              "path": "/nix/store/wy4hn8qzbq0fc34k7spwwgspw0pl6hrs-git-cliff-2.10.0",
              "default": true
            }
          ],
          "store_path": "/nix/store/wy4hn8qzbq0fc34k7spwwgspw0pl6hrs-git-cliff-2.10.0"
        },
        "x86_64-linux": {
          "outputs": [
            {
              "name": "out",
              "path": "/nix/store/kjz54s6aw2bilswfggfcw8v5y83f9v3d-git-cliff-2.10.0",
              "default": true
            }
          ],
          "store_path": "/nix/store/kjz54s6aw2bilswfggfcw8v5y83f9v3d-git-cliff-2.10.0"
        }
      }
    },
    "github:NixOS/nixpkgs/nixpkgs-unstable": {
      "resolved": "github:NixOS/nixpkgs/eb0e0f21f15c559d2ac7633dc81d079d1caf5f5f?lastModified=1743259260&narHash=sha256-ArWLUgRm1tKHiqlhnymyVqi5kLNCK5ghvm06mfCl4QY%3D"
    },
    "helmfile@1.1.0": {
      "last_modified": "2025-05-21T01:27:34Z",
      "resolved": "github:NixOS/nixpkgs/f0d925b947cca0bbe7f2d25115cbaf021844aba7#helmfile",
      "source": "devbox-search",
      "version": "1.1.0",
      "systems": {
        "aarch64-darwin": {
          "outputs": [
            {
              "name": "out",
              "path": "/nix/store/qbhy6bzdhf4llnhg75myscxi5860q46v-helmfile-1.1.0",
              "default": true
            }
          ],
          "store_path": "/nix/store/qbhy6bzdhf4llnhg75myscxi5860q46v-helmfile-1.1.0"
        },
        "aarch64-linux": {
          "outputs": [
            {
              "name": "out",
              "path": "/nix/store/c9a0vhjvf1va2ds8h2yk6maa68aq8cz2-helmfile-1.1.0",
              "default": true
            }
          ],
          "store_path": "/nix/store/c9a0vhjvf1va2ds8h2yk6maa68aq8cz2-helmfile-1.1.0"
        },
        "x86_64-darwin": {
          "outputs": [
            {
              "name": "out",
              "path": "/nix/store/80lc93b31wj1g27bwdrjx1rjvw7mzhqr-helmfile-1.1.0",
              "default": true
            }
          ],
          "store_path": "/nix/store/80lc93b31wj1g27bwdrjx1rjvw7mzhqr-helmfile-1.1.0"
        },
        "x86_64-linux": {
          "outputs": [
            {
              "name": "out",
              "path": "/nix/store/l56a6gr121hwx0dm4vi8m0sldqyl0gs5-helmfile-1.1.0",
              "default": true
            }
          ],
          "store_path": "/nix/store/l56a6gr121hwx0dm4vi8m0sldqyl0gs5-helmfile-1.1.0"
        }
      }
    },
    "kind@0.27.0": {
      "last_modified": "2025-03-23T05:31:05Z",
      "resolved": "github:NixOS/nixpkgs/dd613136ee91f67e5dba3f3f41ac99ae89c5406b#kind",
      "source": "devbox-search",
      "version": "0.27.0",
      "systems": {
        "aarch64-darwin": {
          "outputs": [
            {
              "name": "out",
              "path": "/nix/store/4a41v4iyxw1cbi9jjcqz9sga7ghmfs3x-kind-0.27.0",
              "default": true
            }
          ],
          "store_path": "/nix/store/4a41v4iyxw1cbi9jjcqz9sga7ghmfs3x-kind-0.27.0"
        },
        "aarch64-linux": {
          "outputs": [
            {
              "name": "out",
              "path": "/nix/store/mn4lxpp4ljwmdbxxf2vsir0qynxknmir-kind-0.27.0",
              "default": true
            }
          ],
          "store_path": "/nix/store/mn4lxpp4ljwmdbxxf2vsir0qynxknmir-kind-0.27.0"
        },
        "x86_64-darwin": {
          "outputs": [
            {
              "name": "out",
              "path": "/nix/store/s3q5xzg0hhbi23l424gwm91823qawlhz-kind-0.27.0",
              "default": true
            }
          ],
          "store_path": "/nix/store/s3q5xzg0hhbi23l424gwm91823qawlhz-kind-0.27.0"
        },
        "x86_64-linux": {
          "outputs": [
            {
              "name": "out",
              "path": "/nix/store/dam02bb33zcl468fz2dldiz4r33jli3x-kind-0.27.0",
              "default": true
            }
          ],
          "store_path": "/nix/store/dam02bb33zcl468fz2dldiz4r33jli3x-kind-0.27.0"
        }
      }
    },
    "kubectl@1.32.3": {
      "last_modified": "2025-03-23T05:31:05Z",
      "resolved": "github:NixOS/nixpkgs/dd613136ee91f67e5dba3f3f41ac99ae89c5406b#kubectl",
      "source": "devbox-search",
      "version": "1.32.3",
      "systems": {
        "aarch64-darwin": {
          "outputs": [
            {
              "name": "out",
              "path": "/nix/store/wi5qn5xlirnjzva70km0z5ks6i33hz9j-kubectl-1.32.3",
              "default": true
            },
            {
              "name": "man",
              "path": "/nix/store/aq8zfxz4q27wd3yfvhg195xnhqz0sadv-kubectl-1.32.3-man",
              "default": true
            },
            {
              "name": "convert",
              "path": "/nix/store/syijh55f8qy0ncx0drs4adxzgglx3y43-kubectl-1.32.3-convert"
            }
          ],
          "store_path": "/nix/store/wi5qn5xlirnjzva70km0z5ks6i33hz9j-kubectl-1.32.3"
        },
        "aarch64-linux": {
          "outputs": [
            {
              "name": "out",
              "path": "/nix/store/xxngczzyxq22m1i8pc9a57w16kzir33f-kubectl-1.32.3",
              "default": true
            },
            {
              "name": "man",
              "path": "/nix/store/n547iajzrqypmy89s5j2iyrdjn56fd5v-kubectl-1.32.3-man",
              "default": true
            },
            {
              "name": "convert",
              "path": "/nix/store/0frwvbmd2zxx2n1s7vw15cbdj7iw95js-kubectl-1.32.3-convert"
            }
          ],
          "store_path": "/nix/store/xxngczzyxq22m1i8pc9a57w16kzir33f-kubectl-1.32.3"
        },
        "x86_64-darwin": {
          "outputs": [
            {
              "name": "out",
              "path": "/nix/store/1q5hp8ffvjfx9badhfq0b7vcaz63fphg-kubectl-1.32.3",
              "default": true
            },
            {
              "name": "man",
              "path": "/nix/store/asq72wx432y362wflqhlg1c231g5svzc-kubectl-1.32.3-man",
              "default": true
            },
            {
              "name": "convert",
              "path": "/nix/store/6bqfs8a1sw4jvx9wadd5231fnr9yjdnh-kubectl-1.32.3-convert"
            }
          ],
          "store_path": "/nix/store/1q5hp8ffvjfx9badhfq0b7vcaz63fphg-kubectl-1.32.3"
        },
        "x86_64-linux": {
          "outputs": [
            {
              "name": "out",
              "path": "/nix/store/yaqxnlxynfil1c6lvxfrnmh06yfqarn8-kubectl-1.32.3",
              "default": true
            },
            {
              "name": "man",
              "path": "/nix/store/xdh1fr0b4dnladi7dwa0q2vwf878g9qd-kubectl-1.32.3-man",
              "default": true
            },
            {
              "name": "convert",
              "path": "/nix/store/5x3bhl684w2lmpg7k5dl8rz1408ci32g-kubectl-1.32.3-convert"
            }
          ],
          "store_path": "/nix/store/yaqxnlxynfil1c6lvxfrnmh06yfqarn8-kubectl-1.32.3"
        }
      }
    },
    "kubernetes-helm@3.17.3": {
      "last_modified": "2025-04-10T20:20:34Z",
      "resolved": "github:NixOS/nixpkgs/d19cf9dfc633816a437204555afeb9e722386b76#kubernetes-helm",
      "source": "devbox-search",
      "version": "3.17.3",
      "systems": {
        "aarch64-darwin": {
          "outputs": [
            {
              "name": "out",
              "path": "/nix/store/4dmgpl8ldac8i190r5blsi6f95nb8sb8-kubernetes-helm-3.17.3",
              "default": true
            }
          ],
          "store_path": "/nix/store/4dmgpl8ldac8i190r5blsi6f95nb8sb8-kubernetes-helm-3.17.3"
        },
        "aarch64-linux": {
          "outputs": [
            {
              "name": "out",
              "path": "/nix/store/hzmprxfipk2l3yb6455n849ks4gypl9g-kubernetes-helm-3.17.3",
              "default": true
            }
          ],
          "store_path": "/nix/store/hzmprxfipk2l3yb6455n849ks4gypl9g-kubernetes-helm-3.17.3"
        },
        "x86_64-darwin": {
          "outputs": [
            {
              "name": "out",
              "path": "/nix/store/0nx384vvzwwwbrk5vqvsy1wzcravxn7j-kubernetes-helm-3.17.3",
              "default": true
            }
          ],
          "store_path": "/nix/store/0nx384vvzwwwbrk5vqvsy1wzcravxn7j-kubernetes-helm-3.17.3"
        },
        "x86_64-linux": {
          "outputs": [
            {
              "name": "out",
              "path": "/nix/store/4gz844q6xmiklm4416vzzr4h7sw8ajf9-kubernetes-helm-3.17.3",
              "default": true
            }
          ],
          "store_path": "/nix/store/4gz844q6xmiklm4416vzzr4h7sw8ajf9-kubernetes-helm-3.17.3"
        }
      }
    },
    "kustomize@5.6.0": {
      "last_modified": "2025-05-16T20:19:48Z",
      "resolved": "github:NixOS/nixpkgs/12a55407652e04dcf2309436eb06fef0d3713ef3#kustomize",
      "source": "devbox-search",
      "version": "5.6.0",
      "systems": {
        "aarch64-darwin": {
          "outputs": [
            {
              "name": "out",
              "path": "/nix/store/spr7yrr1ajfmwkwx6qak45mpa67643cw-kustomize-5.6.0",
              "default": true
            }
          ],
          "store_path": "/nix/store/spr7yrr1ajfmwkwx6qak45mpa67643cw-kustomize-5.6.0"
        },
        "aarch64-linux": {
          "outputs": [
            {
              "name": "out",
              "path": "/nix/store/74dc4ysb9hypdqri86l4q13cnijn8ifg-kustomize-5.6.0",
              "default": true
            }
          ],
          "store_path": "/nix/store/74dc4ysb9hypdqri86l4q13cnijn8ifg-kustomize-5.6.0"
        },
        "x86_64-darwin": {
          "outputs": [
            {
              "name": "out",
              "path": "/nix/store/qwm24iw2z061cyv3fy4vdq9lrbf9y18q-kustomize-5.6.0",
              "default": true
            }
          ],
          "store_path": "/nix/store/qwm24iw2z061cyv3fy4vdq9lrbf9y18q-kustomize-5.6.0"
        },
        "x86_64-linux": {
          "outputs": [
            {
              "name": "out",
              "path": "/nix/store/cj6c54si3pfrrw3ikrfnin2nbp6ndcdk-kustomize-5.6.0",
              "default": true
            }
          ],
          "store_path": "/nix/store/cj6c54si3pfrrw3ikrfnin2nbp6ndcdk-kustomize-5.6.0"
        }
      }
    },
    "mkcert@1.4.4": {
      "last_modified": "2025-03-23T05:31:05Z",
      "resolved": "github:NixOS/nixpkgs/dd613136ee91f67e5dba3f3f41ac99ae89c5406b#mkcert",
      "source": "devbox-search",
      "version": "1.4.4",
      "systems": {
        "aarch64-darwin": {
          "outputs": [
            {
              "name": "out",
              "path": "/nix/store/y5f97bwawzdckb04aw6gyzvmmf8bgy4y-mkcert-1.4.4",
              "default": true
            }
          ],
          "store_path": "/nix/store/y5f97bwawzdckb04aw6gyzvmmf8bgy4y-mkcert-1.4.4"
        },
        "aarch64-linux": {
          "outputs": [
            {
              "name": "out",
              "path": "/nix/store/frllg5x98hpbvl126m9q376k06mccljw-mkcert-1.4.4",
              "default": true
            }
          ],
          "store_path": "/nix/store/frllg5x98hpbvl126m9q376k06mccljw-mkcert-1.4.4"
        },
        "x86_64-darwin": {
          "outputs": [
            {
              "name": "out",
              "path": "/nix/store/zrww0048wwp0i1b0zis4bdvwwjpr97m6-mkcert-1.4.4",
              "default": true
            }
          ],
          "store_path": "/nix/store/zrww0048wwp0i1b0zis4bdvwwjpr97m6-mkcert-1.4.4"
        },
        "x86_64-linux": {
          "outputs": [
            {
              "name": "out",
              "path": "/nix/store/zhd7bwxxh3m5slw47y3h2wwd9d9cbkwk-mkcert-1.4.4",
              "default": true
            }
          ],
          "store_path": "/nix/store/zhd7bwxxh3m5slw47y3h2wwd9d9cbkwk-mkcert-1.4.4"
        }
      }
    },
    "nodejs@24.1.0": {
      "last_modified": "2025-06-17T01:11:27Z",
      "plugin_version": "0.0.2",
      "resolved": "github:NixOS/nixpkgs/c539ae8d21e49776966d714f82fba33b1fca78bc#nodejs_24",
      "source": "devbox-search",
      "version": "24.1.0",
      "systems": {
        "aarch64-darwin": {
          "outputs": [
            {
              "name": "out",
              "path": "/nix/store/2q5an9rpdq4vhc5ag04ajxnzxxqsqchq-nodejs-24.1.0",
              "default": true
            },
            {
              "name": "dev",
              "path": "/nix/store/hb25vqffnqd3hl7glmm1y4n54bmpfppr-nodejs-24.1.0-dev"
            },
            {
              "name": "libv8",
              "path": "/nix/store/jw04y4lzw7x0v2yh437s3l6cri5l50vv-nodejs-24.1.0-libv8"
            }
          ],
          "store_path": "/nix/store/2q5an9rpdq4vhc5ag04ajxnzxxqsqchq-nodejs-24.1.0"
        },
        "aarch64-linux": {
          "outputs": [
            {
              "name": "out",
              "path": "/nix/store/1ypnf27d1amna71zl7jgjpli4r2xqzx9-nodejs-24.1.0",
              "default": true
            },
            {
              "name": "libv8",
              "path": "/nix/store/z1cbkwmgw0f94rhvc40v3k8z1rg9zkzf-nodejs-24.1.0-libv8"
            },
            {
              "name": "dev",
              "path": "/nix/store/3alphvmg91jin165pj9q5zfk7j40azbg-nodejs-24.1.0-dev"
            }
          ],
          "store_path": "/nix/store/1ypnf27d1amna71zl7jgjpli4r2xqzx9-nodejs-24.1.0"
        },
        "x86_64-darwin": {
          "outputs": [
            {
              "name": "out",
              "path": "/nix/store/plga9910l27vbg30ajmdsmccyj2a3pxm-nodejs-24.1.0",
              "default": true
            },
            {
              "name": "dev",
              "path": "/nix/store/4b8xp5vrd08ca1im5b607x1wwvy4njjx-nodejs-24.1.0-dev"
            },
            {
              "name": "libv8",
              "path": "/nix/store/d6cq633qq8jr8liaip97fjwpv9r15ivb-nodejs-24.1.0-libv8"
            }
          ],
          "store_path": "/nix/store/plga9910l27vbg30ajmdsmccyj2a3pxm-nodejs-24.1.0"
        },
        "x86_64-linux": {
          "outputs": [
            {
              "name": "out",
              "path": "/nix/store/wnayblhh0555nwfccnzcqkzph52y4yby-nodejs-24.1.0",
              "default": true
            },
            {
              "name": "dev",
              "path": "/nix/store/8ydr7k53w188y9fhskl7ahl8ibchx7w8-nodejs-24.1.0-dev"
            },
            {
              "name": "libv8",
              "path": "/nix/store/4paqvzbw7jjzvn64liv5wwzc7fdsr7k7-nodejs-24.1.0-libv8"
            }
          ],
          "store_path": "/nix/store/wnayblhh0555nwfccnzcqkzph52y4yby-nodejs-24.1.0"
        }
      }
    },
    "temurin-bin@21.0.6": {
      "last_modified": "2025-03-11T17:52:14Z",
      "resolved": "github:NixOS/nixpkgs/0d534853a55b5d02a4ababa1d71921ce8f0aee4c#temurin-bin",
      "source": "devbox-search",
      "version": "21.0.6",
      "systems": {
        "aarch64-darwin": {
          "outputs": [
            {
              "name": "out",
              "path": "/nix/store/p50nwfw4h12mzm0v9hadpbhrxlqd40v9-temurin-bin-21.0.6",
              "default": true
            }
          ],
          "store_path": "/nix/store/p50nwfw4h12mzm0v9hadpbhrxlqd40v9-temurin-bin-21.0.6"
        },
        "aarch64-linux": {
          "outputs": [
            {
              "name": "out",
              "path": "/nix/store/5wmyrx1adqwjjwq14p47avk7q4gdhz3q-temurin-bin-21.0.6",
              "default": true
            }
          ],
          "store_path": "/nix/store/5wmyrx1adqwjjwq14p47avk7q4gdhz3q-temurin-bin-21.0.6"
        },
        "x86_64-darwin": {
          "outputs": [
            {
              "name": "out",
              "path": "/nix/store/0a1j6chcm3gd23aymzcdji6dq3v3zvv0-temurin-bin-21.0.6",
              "default": true
            }
          ],
          "store_path": "/nix/store/0a1j6chcm3gd23aymzcdji6dq3v3zvv0-temurin-bin-21.0.6"
        },
        "x86_64-linux": {
          "outputs": [
            {
              "name": "out",
              "path": "/nix/store/zdrk5r43ys67l9j8nh8rs99z5w4a3pjm-temurin-bin-21.0.6",
              "default": true
            }
          ],
          "store_path": "/nix/store/zdrk5r43ys67l9j8nh8rs99z5w4a3pjm-temurin-bin-21.0.6"
        }
      }
    },
    "yq-go@4.43.1": {
      "last_modified": "2024-05-03T15:42:32Z",
      "resolved": "github:NixOS/nixpkgs/5fd8536a9a5932d4ae8de52b7dc08d92041237fc#yq-go",
      "source": "devbox-search",
      "version": "4.43.1",
      "systems": {
        "aarch64-darwin": {
          "outputs": [
            {
              "name": "out",
              "path": "/nix/store/m7mw41jd42w5ccx52nz2d3r4jsjm0xvl-yq-go-4.43.1",
              "default": true
            }
          ],
          "store_path": "/nix/store/m7mw41jd42w5ccx52nz2d3r4jsjm0xvl-yq-go-4.43.1"
        },
        "aarch64-linux": {
          "outputs": [
            {
              "name": "out",
              "path": "/nix/store/wkrxvkgs094ybshniiyfhagyiqjqhmy5-yq-go-4.43.1",
              "default": true
            }
          ],
          "store_path": "/nix/store/wkrxvkgs094ybshniiyfhagyiqjqhmy5-yq-go-4.43.1"
        },
        "x86_64-darwin": {
          "outputs": [
            {
              "name": "out",
              "path": "/nix/store/yw7sqw9adsg7zwywgjj5zz804gbjh5n0-yq-go-4.43.1",
              "default": true
            }
          ],
          "store_path": "/nix/store/yw7sqw9adsg7zwywgjj5zz804gbjh5n0-yq-go-4.43.1"
        },
        "x86_64-linux": {
          "outputs": [
            {
              "name": "out",
              "path": "/nix/store/3dqrcjcsqpdlz9qzq18d1xx8ivgdlg80-yq-go-4.43.1",
              "default": true
            }
          ],
          "store_path": "/nix/store/3dqrcjcsqpdlz9qzq18d1xx8ivgdlg80-yq-go-4.43.1"
        }
      }
    }
  }
}
