dependencies:
- name: quarkus-template
  repository: https://idlab-discover.github.io/charts/
  version: 0.2.2
- name: quarkus-template
  repository: https://idlab-discover.github.io/charts/
  version: 0.2.2
- name: quarkus-template
  repository: https://idlab-discover.github.io/charts/
  version: 0.2.2
- name: quarkus-template
  repository: https://idlab-discover.github.io/charts/
  version: 0.2.2
- name: quarkus-template
  repository: https://idlab-discover.github.io/charts/
  version: 0.2.2
- name: quarkus-template
  repository: https://idlab-discover.github.io/charts/
  version: 0.2.2
- name: quarkus-template
  repository: https://idlab-discover.github.io/charts/
  version: 0.2.2
- name: quarkus-template
  repository: https://idlab-discover.github.io/charts/
  version: 0.2.2
- name: quarkus-template
  repository: https://idlab-discover.github.io/charts/
  version: 0.2.2
digest: sha256:6c4b4b9d8123712091313327387118cb5b7a421456edccdf47d8d36e5e8fa790
generated: "2025-07-18T16:47:42.995772044+02:00"
