dependencies:
- name: quarkus-template
  repository: file://../quarkus-template
  version: 0.1.0
- name: quarkus-template
  repository: file://../quarkus-template
  version: 0.1.0
- name: quarkus-template
  repository: file://../quarkus-template
  version: 0.1.0
- name: quarkus-template
  repository: file://../quarkus-template
  version: 0.1.0
- name: quarkus-template
  repository: file://../quarkus-template
  version: 0.1.0
- name: quarkus-template
  repository: file://../quarkus-template
  version: 0.1.0
- name: quarkus-template
  repository: file://../quarkus-template
  version: 0.1.0
- name: quarkus-template
  repository: file://../quarkus-template
  version: 0.1.0
digest: sha256:cf57a6fd6594b09fcef3b0ebce1504d15efffef8f941b1c5f48c8be5fad2bd47
generated: "2025-06-06T10:34:53.747209715+02:00"
