version: v1.1.0
dependencies:
  - name: altinity-clickhouse-operator
    repository: https://docs.altinity.com/clickhouse-operator
    version: 0.24.5
  - name: keycloak
    repository: oci://registry-1.docker.io/bitnamicharts
    version: 24.7.7
  - name: minio
    repository: oci://registry-1.docker.io/bitnamicharts
    version: 16.0.8
  - name: openfga
    repository: https://openfga.github.io/helm-charts
    version: 0.2.38
  - name: postgres-operator
    repository: https://opensource.zalando.com/postgres-operator/charts/postgres-operator
    version: 1.14.0
  - name: strimzi-kafka-operator
    repository: oci://quay.io/strimzi-helm
    version: 0.45.0
  - name: traefik
    repository: https://helm.traefik.io/traefik
    version: 35.1.0
digest: sha256:a33f1b5503b5d7f44f6294e1fc81f1877fd99749d508abbf0996778cded645f3
generated: "2025-08-18T10:13:04.576996873+02:00"
